// !$*UTF8*$!
{
	archiveVersion = 1;
	classes = {
	};
	objectVersion = 50;
	objects = {

/* Begin PBXBuildFile section */
		653C1176270128E400EEBF01 /* AppDelegate.swift in Sources */ = {isa = PBXBuildFile; fileRef = 653C1175270128E400EEBF01 /* AppDelegate.swift */; };
		653C1178270128E400EEBF01 /* SceneDelegate.swift in Sources */ = {isa = PBXBuildFile; fileRef = 653C1177270128E400EEBF01 /* SceneDelegate.swift */; };
		653C117A270128E400EEBF01 /* MapViewController.swift in Sources */ = {isa = PBXBuildFile; fileRef = 653C1179270128E400EEBF01 /* MapViewController.swift */; };
		653C117D270128E400EEBF01 /* Main.storyboard in Resources */ = {isa = PBXBuildFile; fileRef = 653C117B270128E400EEBF01 /* Main.storyboard */; };
		653C117F270128EB00EEBF01 /* Assets.xcassets in Resources */ = {isa = PBXBuildFile; fileRef = 653C117E270128EB00EEBF01 /* Assets.xcassets */; };
		65672D5F2708F6D60093542F /* MapStateStore.swift in Sources */ = {isa = PBXBuildFile; fileRef = 65672D5E2708F6D60093542F /* MapStateStore.swift */; };
		65672D612708F7060093542F /* MapState.swift in Sources */ = {isa = PBXBuildFile; fileRef = 65672D602708F7060093542F /* MapState.swift */; };
		65672D642708FE490093542F /* PhotoAlbumViewController.swift in Sources */ = {isa = PBXBuildFile; fileRef = 65672D632708FE490093542F /* PhotoAlbumViewController.swift */; };
		65672D662709081E0093542F /* PhotoAlbumCellView.swift in Sources */ = {isa = PBXBuildFile; fileRef = 65672D652709081E0093542F /* PhotoAlbumCellView.swift */; };
		65672D6827090B000093542F /* FlickrApiHelper.swift in Sources */ = {isa = PBXBuildFile; fileRef = 65672D6727090B000093542F /* FlickrApiHelper.swift */; };
/* End PBXBuildFile section */

/* Begin PBXFileReference section */
		653C1172270128E400EEBF01 /* VirtualTourist.app */ = {isa = PBXFileReference; explicitFileType = wrapper.application; includeInIndex = 0; path = VirtualTourist.app; sourceTree = BUILT_PRODUCTS_DIR; };
		653C1175270128E400EEBF01 /* AppDelegate.swift */ = {isa = PBXFileReference; lastKnownFileType = sourcecode.swift; path = AppDelegate.swift; sourceTree = "<group>"; };
		653C1177270128E400EEBF01 /* SceneDelegate.swift */ = {isa = PBXFileReference; lastKnownFileType = sourcecode.swift; path = SceneDelegate.swift; sourceTree = "<group>"; };
		653C1179270128E400EEBF01 /* MapViewController.swift */ = {isa = PBXFileReference; lastKnownFileType = sourcecode.swift; path = MapViewController.swift; sourceTree = "<group>"; };
		653C117C270128E400EEBF01 /* Base */ = {isa = PBXFileReference; lastKnownFileType = file.storyboard; name = Base; path = Base.lproj/Main.storyboard; sourceTree = "<group>"; };
		653C117E270128EB00EEBF01 /* Assets.xcassets */ = {isa = PBXFileReference; lastKnownFileType = folder.assetcatalog; path = Assets.xcassets; sourceTree = "<group>"; };
		653C1183270128EB00EEBF01 /* Info.plist */ = {isa = PBXFileReference; lastKnownFileType = text.plist.xml; path = Info.plist; sourceTree = "<group>"; };
		65672D5E2708F6D60093542F /* MapStateStore.swift */ = {isa = PBXFileReference; lastKnownFileType = sourcecode.swift; path = MapStateStore.swift; sourceTree = "<group>"; };
		65672D602708F7060093542F /* MapState.swift */ = {isa = PBXFileReference; lastKnownFileType = sourcecode.swift; path = MapState.swift; sourceTree = "<group>"; };
		65672D632708FE490093542F /* PhotoAlbumViewController.swift */ = {isa = PBXFileReference; lastKnownFileType = sourcecode.swift; path = PhotoAlbumViewController.swift; sourceTree = "<group>"; };
		65672D652709081E0093542F /* PhotoAlbumCellView.swift */ = {isa = PBXFileReference; lastKnownFileType = sourcecode.swift; path = PhotoAlbumCellView.swift; sourceTree = "<group>"; };
		65672D6727090B000093542F /* FlickrApiHelper.swift */ = {isa = PBXFileReference; lastKnownFileType = sourcecode.swift; path = FlickrApiHelper.swift; sourceTree = "<group>"; };
/* End PBXFileReference section */

/* Begin PBXFrameworksBuildPhase section */
		653C116F270128E400EEBF01 /* Frameworks */ = {
			isa = PBXFrameworksBuildPhase;
			buildActionMask = 2147483647;
			files = (
			);
			runOnlyForDeploymentPostprocessing = 0;
		};
/* End PBXFrameworksBuildPhase section */

/* Begin PBXGroup section */
		653C1169270128E400EEBF01 = {
			isa = PBXGroup;
			children = (
				653C1174270128E400EEBF01 /* VirtualTourist */,
				653C1173270128E400EEBF01 /* Products */,
			);
			sourceTree = "<group>";
		};
		653C1173270128E400EEBF01 /* Products */ = {
			isa = PBXGroup;
			children = (
				653C1172270128E400EEBF01 /* VirtualTourist.app */,
			);
			name = Products;
			sourceTree = "<group>";
		};
		653C1174270128E400EEBF01 /* VirtualTourist */ = {
			isa = PBXGroup;
			children = (
				65672D622708F7160093542F /* model */,
				653C1175270128E400EEBF01 /* AppDelegate.swift */,
				653C1177270128E400EEBF01 /* SceneDelegate.swift */,
				653C1179270128E400EEBF01 /* MapViewController.swift */,
				653C117B270128E400EEBF01 /* Main.storyboard */,
				653C117E270128EB00EEBF01 /* Assets.xcassets */,
				653C1183270128EB00EEBF01 /* Info.plist */,
				65672D5E2708F6D60093542F /* MapStateStore.swift */,
				65672D632708FE490093542F /* PhotoAlbumViewController.swift */,
				65672D652709081E0093542F /* PhotoAlbumCellView.swift */,
				65672D6727090B000093542F /* FlickrApiHelper.swift */,
			);
			path = VirtualTourist;
			sourceTree = "<group>";
		};
		65672D622708F7160093542F /* model */ = {
			isa = PBXGroup;
			children = (
				65672D602708F7060093542F /* MapState.swift */,
			);
			path = model;
			sourceTree = "<group>";
		};
/* End PBXGroup section */

/* Begin PBXNativeTarget section */
		653C1171270128E400EEBF01 /* VirtualTourist */ = {
			isa = PBXNativeTarget;
			buildConfigurationList = 653C1186270128EB00EEBF01 /* Build configuration list for PBXNativeTarget "VirtualTourist" */;
			buildPhases = (
				653C116E270128E400EEBF01 /* Sources */,
				653C116F270128E400EEBF01 /* Frameworks */,
				653C1170270128E400EEBF01 /* Resources */,
			);
			buildRules = (
			);
			dependencies = (
			);
			name = VirtualTourist;
			productName = VirtualTourist;
			productReference = 653C1172270128E400EEBF01 /* VirtualTourist.app */;
			productType = "com.apple.product-type.application";
		};
/* End PBXNativeTarget section */

/* Begin PBXProject section */
		653C116A270128E400EEBF01 /* Project object */ = {
			isa = PBXProject;
			attributes = {
				LastSwiftUpdateCheck = 1240;
				LastUpgradeCheck = 1240;
				TargetAttributes = {
					653C1171270128E400EEBF01 = {
						CreatedOnToolsVersion = 12.4;
					};
				};
			};
			buildConfigurationList = 653C116D270128E400EEBF01 /* Build configuration list for PBXProject "VirtualTourist" */;
			compatibilityVersion = "Xcode 9.3";
			developmentRegion = en;
			hasScannedForEncodings = 0;
			knownRegions = (
				en,
				Base,
			);
			mainGroup = 653C1169270128E400EEBF01;
			productRefGroup = 653C1173270128E400EEBF01 /* Products */;
			projectDirPath = "";
			projectRoot = "";
			targets = (
				653C1171270128E400EEBF01 /* VirtualTourist */,
			);
		};
/* End PBXProject section */

/* Begin PBXResourcesBuildPhase section */
		653C1170270128E400EEBF01 /* Resources */ = {
			isa = PBXResourcesBuildPhase;
			buildActionMask = 2147483647;
			files = (
				653C117F270128EB00EEBF01 /* Assets.xcassets in Resources */,
				653C117D270128E400EEBF01 /* Main.storyboard in Resources */,
			);
			runOnlyForDeploymentPostprocessing = 0;
		};
/* End PBXResourcesBuildPhase section */

/* Begin PBXSourcesBuildPhase section */
		653C116E270128E400EEBF01 /* Sources */ = {
			isa = PBXSourcesBuildPhase;
			buildActionMask = 2147483647;
			files = (
				653C117A270128E400EEBF01 /* MapViewController.swift in Sources */,
				653C1176270128E400EEBF01 /* AppDelegate.swift in Sources */,
				65672D5F2708F6D60093542F /* MapStateStore.swift in Sources */,
				653C1178270128E400EEBF01 /* SceneDelegate.swift in Sources */,
				65672D612708F7060093542F /* MapState.swift in Sources */,
				65672D6827090B000093542F /* FlickrApiHelper.swift in Sources */,
				65672D662709081E0093542F /* PhotoAlbumCellView.swift in Sources */,
				65672D642708FE490093542F /* PhotoAlbumViewController.swift in Sources */,
			);
			runOnlyForDeploymentPostprocessing = 0;
		};
/* End PBXSourcesBuildPhase section */

/* Begin PBXVariantGroup section */
		653C117B270128E400EEBF01 /* Main.storyboard */ = {
			isa = PBXVariantGroup;
			children = (
				653C117C270128E400EEBF01 /* Base */,
			);
			name = Main.storyboard;
			sourceTree = "<group>";
		};
/* End PBXVariantGroup section */

/* Begin XCBuildConfiguration section */
		653C1184270128EB00EEBF01 /* Debug */ = {
			isa = XCBuildConfiguration;
			buildSettings = {
				ALWAYS_SEARCH_USER_PATHS = NO;
				CLANG_ANALYZER_NONNULL = YES;
				CLANG_ANALYZER_NUMBER_OBJECT_CONVERSION = YES_AGGRESSIVE;
				CLANG_CXX_LANGUAGE_STANDARD = "gnu++14";
				CLANG_CXX_LIBRARY = "libc++";
				CLANG_ENABLE_MODULES = YES;
				CLANG_ENABLE_OBJC_ARC = YES;
				CLANG_ENABLE_OBJC_WEAK = YES;
				CLANG_WARN_BLOCK_CAPTURE_AUTORELEASING = YES;
				CLANG_WARN_BOOL_CONVERSION = YES;
				CLANG_WARN_COMMA = YES;
				CLANG_WARN_CONSTANT_CONVERSION = YES;
				CLANG_WARN_DEPRECATED_OBJC_IMPLEMENTATIONS = YES;
				CLANG_WARN_DIRECT_OBJC_ISA_USAGE = YES_ERROR;
				CLANG_WARN_DOCUMENTATION_COMMENTS = YES;
				CLANG_WARN_EMPTY_BODY = YES;
				CLANG_WARN_ENUM_CONVERSION = YES;
				CLANG_WARN_INFINITE_RECURSION = YES;
				CLANG_WARN_INT_CONVERSION = YES;
				CLANG_WARN_NON_LITERAL_NULL_CONVERSION = YES;
				CLANG_WARN_OBJC_IMPLICIT_RETAIN_SELF = YES;
				CLANG_WARN_OBJC_LITERAL_CONVERSION = YES;
				CLANG_WARN_OBJC_ROOT_CLASS = YES_ERROR;
				CLANG_WARN_QUOTED_INCLUDE_IN_FRAMEWORK_HEADER = YES;
				CLANG_WARN_RANGE_LOOP_ANALYSIS = YES;
				CLANG_WARN_STRICT_PROTOTYPES = YES;
				CLANG_WARN_SUSPICIOUS_MOVE = YES;
				CLANG_WARN_UNGUARDED_AVAILABILITY = YES_AGGRESSIVE;
				CLANG_WARN_UNREACHABLE_CODE = YES;
				CLANG_WARN__DUPLICATE_METHOD_MATCH = YES;
				COPY_PHASE_STRIP = NO;
				DEBUG_INFORMATION_FORMAT = dwarf;
				ENABLE_STRICT_OBJC_MSGSEND = YES;
				ENABLE_TESTABILITY = YES;
				GCC_C_LANGUAGE_STANDARD = gnu11;
				GCC_DYNAMIC_NO_PIC = NO;
				GCC_NO_COMMON_BLOCKS = YES;
				GCC_OPTIMIZATION_LEVEL = 0;
				GCC_PREPROCESSOR_DEFINITIONS = (
					"DEBUG=1",
					"$(inherited)",
				);
				GCC_WARN_64_TO_32_BIT_CONVERSION = YES;
				GCC_WARN_ABOUT_RETURN_TYPE = YES_ERROR;
				GCC_WARN_UNDECLARED_SELECTOR = YES;
				GCC_WARN_UNINITIALIZED_AUTOS = YES_AGGRESSIVE;
				GCC_WARN_UNUSED_FUNCTION = YES;
				GCC_WARN_UNUSED_VARIABLE = YES;
				IPHONEOS_DEPLOYMENT_TARGET = 14.4;
				MTL_ENABLE_DEBUG_INFO = INCLUDE_SOURCE;
				MTL_FAST_MATH = YES;
				ONLY_ACTIVE_ARCH = YES;
				SDKROOT = iphoneos;
				SWIFT_ACTIVE_COMPILATION_CONDITIONS = DEBUG;
				SWIFT_OPTIMIZATION_LEVEL = "-Onone";
			};
			name = Debug;
		};
		653C1185270128EB00EEBF01 /* Release */ = {
			isa = XCBuildConfiguration;
			buildSettings = {
				ALWAYS_SEARCH_USER_PATHS = NO;
				CLANG_ANALYZER_NONNULL = YES;
				CLANG_ANALYZER_NUMBER_OBJECT_CONVERSION = YES_AGGRESSIVE;
				CLANG_CXX_LANGUAGE_STANDARD = "gnu++14";
				CLANG_CXX_LIBRARY = "libc++";
				CLANG_ENABLE_MODULES = YES;
				CLANG_ENABLE_OBJC_ARC = YES;
				CLANG_ENABLE_OBJC_WEAK = YES;
				CLANG_WARN_BLOCK_CAPTURE_AUTORELEASING = YES;
				CLANG_WARN_BOOL_CONVERSION = YES;
				CLANG_WARN_COMMA = YES;
				CLANG_WARN_CONSTANT_CONVERSION = YES;
				CLANG_WARN_DEPRECATED_OBJC_IMPLEMENTATIONS = YES;
				CLANG_WARN_DIRECT_OBJC_ISA_USAGE = YES_ERROR;
				CLANG_WARN_DOCUMENTATION_COMMENTS = YES;
				CLANG_WARN_EMPTY_BODY = YES;
				CLANG_WARN_ENUM_CONVERSION = YES;
				CLANG_WARN_INFINITE_RECURSION = YES;
				CLANG_WARN_INT_CONVERSION = YES;
				CLANG_WARN_NON_LITERAL_NULL_CONVERSION = YES;
				CLANG_WARN_OBJC_IMPLICIT_RETAIN_SELF = YES;
				CLANG_WARN_OBJC_LITERAL_CONVERSION = YES;
				CLANG_WARN_OBJC_ROOT_CLASS = YES_ERROR;
				CLANG_WARN_QUOTED_INCLUDE_IN_FRAMEWORK_HEADER = YES;
				CLANG_WARN_RANGE_LOOP_ANALYSIS = YES;
				CLANG_WARN_STRICT_PROTOTYPES = YES;
				CLANG_WARN_SUSPICIOUS_MOVE = YES;
				CLANG_WARN_UNGUARDED_AVAILABILITY = YES_AGGRESSIVE;
				CLANG_WARN_UNREACHABLE_CODE = YES;
				CLANG_WARN__DUPLICATE_METHOD_MATCH = YES;
				COPY_PHASE_STRIP = NO;
				DEBUG_INFORMATION_FORMAT = "dwarf-with-dsym";
				ENABLE_NS_ASSERTIONS = NO;
				ENABLE_STRICT_OBJC_MSGSEND = YES;
				GCC_C_LANGUAGE_STANDARD = gnu11;
				GCC_NO_COMMON_BLOCKS = YES;
				GCC_WARN_64_TO_32_BIT_CONVERSION = YES;
				GCC_WARN_ABOUT_RETURN_TYPE = YES_ERROR;
				GCC_WARN_UNDECLARED_SELECTOR = YES;
				GCC_WARN_UNINITIALIZED_AUTOS = YES_AGGRESSIVE;
				GCC_WARN_UNUSED_FUNCTION = YES;
				GCC_WARN_UNUSED_VARIABLE = YES;
				IPHONEOS_DEPLOYMENT_TARGET = 14.4;
				MTL_ENABLE_DEBUG_INFO = NO;
				MTL_FAST_MATH = YES;
				SDKROOT = iphoneos;
				SWIFT_COMPILATION_MODE = wholemodule;
				SWIFT_OPTIMIZATION_LEVEL = "-O";
				VALIDATE_PRODUCT = YES;
			};
			name = Release;
		};
		653C1187270128EB00EEBF01 /* Debug */ = {
			isa = XCBuildConfiguration;
			buildSettings = {
				ASSETCATALOG_COMPILER_APPICON_NAME = AppIcon;
				ASSETCATALOG_COMPILER_GLOBAL_ACCENT_COLOR_NAME = AccentColor;
				CODE_SIGN_STYLE = Automatic;
				DEVELOPMENT_TEAM = RD6W8QAX8L;
				INFOPLIST_FILE = VirtualTourist/Info.plist;
				LD_RUNPATH_SEARCH_PATHS = (
					"$(inherited)",
					"@executable_path/Frameworks",
				);
				PRODUCT_BUNDLE_IDENTIFIER = com.example.VirtualTourist;
				PRODUCT_NAME = "$(TARGET_NAME)";
				SWIFT_VERSION = 5.0;
				TARGETED_DEVICE_FAMILY = "1,2";
			};
			name = Debug;
		};
		653C1188270128EB00EEBF01 /* Release */ = {
			isa = XCBuildConfiguration;
			buildSettings = {
				ASSETCATALOG_COMPILER_APPICON_NAME = AppIcon;
				ASSETCATALOG_COMPILER_GLOBAL_ACCENT_COLOR_NAME = AccentColor;
				CODE_SIGN_STYLE = Automatic;
				DEVELOPMENT_TEAM = RD6W8QAX8L;
				INFOPLIST_FILE = VirtualTourist/Info.plist;
				LD_RUNPATH_SEARCH_PATHS = (
					"$(inherited)",
					"@executable_path/Frameworks",
				);
				PRODUCT_BUNDLE_IDENTIFIER = com.example.VirtualTourist;
				PRODUCT_NAME = "$(TARGET_NAME)";
				SWIFT_VERSION = 5.0;
				TARGETED_DEVICE_FAMILY = "1,2";
			};
			name = Release;
		};
/* End XCBuildConfiguration section */

/* Begin XCConfigurationList section */
		653C116D270128E400EEBF01 /* Build configuration list for PBXProject "VirtualTourist" */ = {
			isa = XCConfigurationList;
			buildConfigurations = (
				653C1184270128EB00EEBF01 /* Debug */,
				653C1185270128EB00EEBF01 /* Release */,
			);
			defaultConfigurationIsVisible = 0;
			defaultConfigurationName = Release;
		};
		653C1186270128EB00EEBF01 /* Build configuration list for PBXNativeTarget "VirtualTourist" */ = {
			isa = XCConfigurationList;
			buildConfigurations = (
				653C1187270128EB00EEBF01 /* Debug */,
				653C1188270128EB00EEBF01 /* Release */,
			);
			defaultConfigurationIsVisible = 0;
			defaultConfigurationName = Release;
		};
/* End XCConfigurationList section */
	};
	rootObject = 653C116A270128E400EEBF01 /* Project object */;
}
